
Microsoft Visual Studio Solution File, Format Version 12.00
# Visual Studio Version 16
VisualStudioVersion = 16.0.30907.101
MinimumVisualStudioVersion = 10.0.40219.1
Project("{FAE04EC0-301F-11D3-BF4B-00C04F79EFBC}") = "BooksForRazor", "BooksForRazor.csproj", "{0E736883-62E5-4A84-B41D-987FC1853222}"
EndProject
Global
	GlobalSection(SolutionConfigurationPlatforms) = preSolution
		Debug|Any CPU = Debug|Any CPU
		Release|Any CPU = Release|Any CPU
	EndGlobalSection
	GlobalSection(ProjectConfigurationPlatforms) = postSolution
		{0E736883-62E5-4A84-B41D-987FC1853222}.Debug|Any CPU.ActiveCfg = Debug|Any CPU
		{0E736883-62E5-4A84-B41D-987FC1853222}.Debug|Any CPU.Build.0 = Debug|Any CPU
		{0E736883-62E5-4A84-B41D-987FC1853222}.Release|Any CPU.ActiveCfg = Release|Any CPU
		{0E736883-62E5-4A84-B41D-987FC1853222}.Release|Any CPU.Build.0 = Release|Any CPU
	EndGlobalSection
	GlobalSection(SolutionProperties) = preSolution
		HideSolutionNode = FALSE
	EndGlobalSection
	GlobalSection(ExtensibilityGlobals) = postSolution
		SolutionGuid = {760B1D42-1581-436C-A9ED-5BB405143766}
	EndGlobalSection
EndGlobal
